
Microsoft Visual Studio Solution File, Format Version 12.00
# Visual Studio Version 16
VisualStudioVersion = 16.0.31729.503
MinimumVisualStudioVersion = 10.0.40219.1
Project("{9A19103F-16F7-4668-BE54-9A1E7A4F7556}") = "DZ5", "WpfApp2\DZ5.csproj", "{4BCFD394-EA43-4647-BABC-795F2C2FFEAA}"
EndProject
Global
	GlobalSection(SolutionConfigurationPlatforms) = preSolution
		Debug|Any CPU = Debug|Any CPU
		Release|Any CPU = Release|Any CPU
	EndGlobalSection
	GlobalSection(ProjectConfigurationPlatforms) = postSolution
		{4BCFD394-EA43-4647-BABC-795F2C2FFEAA}.Debug|Any CPU.ActiveCfg = Debug|Any CPU
		{4BCFD394-EA43-4647-BABC-795F2C2FFEAA}.Debug|Any CPU.Build.0 = Debug|Any CPU
		{4BCFD394-EA43-4647-BABC-795F2C2FFEAA}.Release|Any CPU.ActiveCfg = Release|Any CPU
		{4BCFD394-EA43-4647-BABC-795F2C2FFEAA}.Release|Any CPU.Build.0 = Release|Any CPU
	EndGlobalSection
	GlobalSection(SolutionProperties) = preSolution
		HideSolutionNode = FALSE
	EndGlobalSection
	GlobalSection(ExtensibilityGlobals) = postSolution
		SolutionGuid = {1045F593-BB56-4B8C-9795-C95613596605}
	EndGlobalSection
EndGlobal
